// !$*UTF8*$!
{
	archiveVersion = 1;
	classes = {
	};
	objectVersion = 55;
	objects = {

/* Begin PBXBuildFile section */
		CD76439128EDE60E0075614F /* Tests_iOS.swift in Sources */ = {isa = PBXBuildFile; fileRef = CD76439028EDE60E0075614F /* Tests_iOS.swift */; };
		CD76439328EDE60E0075614F /* Tests_iOSLaunchTests.swift in Sources */ = {isa = PBXBuildFile; fileRef = CD76439228EDE60E0075614F /* Tests_iOSLaunchTests.swift */; };
		CD76439D28EDE60E0075614F /* Tests_macOS.swift in Sources */ = {isa = PBXBuildFile; fileRef = CD76439C28EDE60E0075614F /* Tests_macOS.swift */; };
		CD76439F28EDE60E0075614F /* Tests_macOSLaunchTests.swift in Sources */ = {isa = PBXBuildFile; fileRef = CD76439E28EDE60E0075614F /* Tests_macOSLaunchTests.swift */; };
		CD7643A028EDE60E0075614F /* ios_testing_oct2022App.swift in Sources */ = {isa = PBXBuildFile; fileRef = CD76437828EDE60E0075614F /* ios_testing_oct2022App.swift */; };
		CD7643A128EDE60E0075614F /* ios_testing_oct2022App.swift in Sources */ = {isa = PBXBuildFile; fileRef = CD76437828EDE60E0075614F /* ios_testing_oct2022App.swift */; };
		CD7643A228EDE60E0075614F /* ContentView.swift in Sources */ = {isa = PBXBuildFile; fileRef = CD76437928EDE60E0075614F /* ContentView.swift */; };
		CD7643A328EDE60E0075614F /* ContentView.swift in Sources */ = {isa = PBXBuildFile; fileRef = CD76437928EDE60E0075614F /* ContentView.swift */; };
		CD7643A428EDE60E0075614F /* Assets.xcassets in Resources */ = {isa = PBXBuildFile; fileRef = CD76437A28EDE60E0075614F /* Assets.xcassets */; };
		CD7643A528EDE60E0075614F /* Assets.xcassets in Resources */ = {isa = PBXBuildFile; fileRef = CD76437A28EDE60E0075614F /* Assets.xcassets */; };
/* End PBXBuildFile section */

/* Begin PBXContainerItemProxy section */
		CD76438D28EDE60E0075614F /* PBXContainerItemProxy */ = {
			isa = PBXContainerItemProxy;
			containerPortal = CD76437328EDE60E0075614F /* Project object */;
			proxyType = 1;
			remoteGlobalIDString = CD76437E28EDE60E0075614F;
			remoteInfo = "ios-testing-oct2022 (iOS)";
		};
		CD76439928EDE60E0075614F /* PBXContainerItemProxy */ = {
			isa = PBXContainerItemProxy;
			containerPortal = CD76437328EDE60E0075614F /* Project object */;
			proxyType = 1;
			remoteGlobalIDString = CD76438428EDE60E0075614F;
			remoteInfo = "ios-testing-oct2022 (macOS)";
		};
/* End PBXContainerItemProxy section */

/* Begin PBXFileReference section */
		CD76437828EDE60E0075614F /* ios_testing_oct2022App.swift */ = {isa = PBXFileReference; lastKnownFileType = sourcecode.swift; path = ios_testing_oct2022App.swift; sourceTree = "<group>"; };
		CD76437928EDE60E0075614F /* ContentView.swift */ = {isa = PBXFileReference; lastKnownFileType = sourcecode.swift; path = ContentView.swift; sourceTree = "<group>"; };
		CD76437A28EDE60E0075614F /* Assets.xcassets */ = {isa = PBXFileReference; lastKnownFileType = folder.assetcatalog; path = Assets.xcassets; sourceTree = "<group>"; };
		CD76437F28EDE60E0075614F /* ios-testing-oct2022.app */ = {isa = PBXFileReference; explicitFileType = wrapper.application; includeInIndex = 0; path = "ios-testing-oct2022.app"; sourceTree = BUILT_PRODUCTS_DIR; };
		CD76438528EDE60E0075614F /* ios-testing-oct2022.app */ = {isa = PBXFileReference; explicitFileType = wrapper.application; includeInIndex = 0; path = "ios-testing-oct2022.app"; sourceTree = BUILT_PRODUCTS_DIR; };
		CD76438728EDE60E0075614F /* macOS.entitlements */ = {isa = PBXFileReference; lastKnownFileType = text.plist.entitlements; path = macOS.entitlements; sourceTree = "<group>"; };
		CD76438C28EDE60E0075614F /* Tests iOS.xctest */ = {isa = PBXFileReference; explicitFileType = wrapper.cfbundle; includeInIndex = 0; path = "Tests iOS.xctest"; sourceTree = BUILT_PRODUCTS_DIR; };
		CD76439028EDE60E0075614F /* Tests_iOS.swift */ = {isa = PBXFileReference; lastKnownFileType = sourcecode.swift; path = Tests_iOS.swift; sourceTree = "<group>"; };
		CD76439228EDE60E0075614F /* Tests_iOSLaunchTests.swift */ = {isa = PBXFileReference; lastKnownFileType = sourcecode.swift; path = Tests_iOSLaunchTests.swift; sourceTree = "<group>"; };
		CD76439828EDE60E0075614F /* Tests macOS.xctest */ = {isa = PBXFileReference; explicitFileType = wrapper.cfbundle; includeInIndex = 0; path = "Tests macOS.xctest"; sourceTree = BUILT_PRODUCTS_DIR; };
		CD76439C28EDE60E0075614F /* Tests_macOS.swift */ = {isa = PBXFileReference; lastKnownFileType = sourcecode.swift; path = Tests_macOS.swift; sourceTree = "<group>"; };
		CD76439E28EDE60E0075614F /* Tests_macOSLaunchTests.swift */ = {isa = PBXFileReference; lastKnownFileType = sourcecode.swift; path = Tests_macOSLaunchTests.swift; sourceTree = "<group>"; };
		CDEBAF0028F4D81F006E527F /* ios-testing-oct2022--iOS--Info.plist */ = {isa = PBXFileReference; lastKnownFileType = text.plist; path = "ios-testing-oct2022--iOS--Info.plist"; sourceTree = "<group>"; };
/* End PBXFileReference section */

/* Begin PBXFrameworksBuildPhase section */
		CD76437C28EDE60E0075614F /* Frameworks */ = {
			isa = PBXFrameworksBuildPhase;
			buildActionMask = 2147483647;
			files = (
			);
			runOnlyForDeploymentPostprocessing = 0;
		};
		CD76438228EDE60E0075614F /* Frameworks */ = {
			isa = PBXFrameworksBuildPhase;
			buildActionMask = 2147483647;
			files = (
			);
			runOnlyForDeploymentPostprocessing = 0;
		};
		CD76438928EDE60E0075614F /* Frameworks */ = {
			isa = PBXFrameworksBuildPhase;
			buildActionMask = 2147483647;
			files = (
			);
			runOnlyForDeploymentPostprocessing = 0;
		};
		CD76439528EDE60E0075614F /* Frameworks */ = {
			isa = PBXFrameworksBuildPhase;
			buildActionMask = 2147483647;
			files = (
			);
			runOnlyForDeploymentPostprocessing = 0;
		};
/* End PBXFrameworksBuildPhase section */

/* Begin PBXGroup section */
		CD76437228EDE60E0075614F = {
			isa = PBXGroup;
			children = (
				CDEBAF0028F4D81F006E527F /* ios-testing-oct2022--iOS--Info.plist */,
				CD76437728EDE60E0075614F /* Shared */,
				CD76438628EDE60E0075614F /* macOS */,
				CD76438F28EDE60E0075614F /* Tests iOS */,
				CD76439B28EDE60E0075614F /* Tests macOS */,
				CD76438028EDE60E0075614F /* Products */,
			);
			sourceTree = "<group>";
		};
		CD76437728EDE60E0075614F /* Shared */ = {
			isa = PBXGroup;
			children = (
				CD76437828EDE60E0075614F /* ios_testing_oct2022App.swift */,
				CD76437928EDE60E0075614F /* ContentView.swift */,
				CD76437A28EDE60E0075614F /* Assets.xcassets */,
			);
			path = Shared;
			sourceTree = "<group>";
		};
		CD76438028EDE60E0075614F /* Products */ = {
			isa = PBXGroup;
			children = (
				CD76437F28EDE60E0075614F /* ios-testing-oct2022.app */,
				CD76438528EDE60E0075614F /* ios-testing-oct2022.app */,
				CD76438C28EDE60E0075614F /* Tests iOS.xctest */,
				CD76439828EDE60E0075614F /* Tests macOS.xctest */,
			);
			name = Products;
			sourceTree = "<group>";
		};
		CD76438628EDE60E0075614F /* macOS */ = {
			isa = PBXGroup;
			children = (
				CD76438728EDE60E0075614F /* macOS.entitlements */,
			);
			path = macOS;
			sourceTree = "<group>";
		};
		CD76438F28EDE60E0075614F /* Tests iOS */ = {
			isa = PBXGroup;
			children = (
				CD76439028EDE60E0075614F /* Tests_iOS.swift */,
				CD76439228EDE60E0075614F /* Tests_iOSLaunchTests.swift */,
			);
			path = "Tests iOS";
			sourceTree = "<group>";
		};
		CD76439B28EDE60E0075614F /* Tests macOS */ = {
			isa = PBXGroup;
			children = (
				CD76439C28EDE60E0075614F /* Tests_macOS.swift */,
				CD76439E28EDE60E0075614F /* Tests_macOSLaunchTests.swift */,
			);
			path = "Tests macOS";
			sourceTree = "<group>";
		};
/* End PBXGroup section */

/* Begin PBXNativeTarget section */
		CD76437E28EDE60E0075614F /* ios-testing-oct2022 (iOS) */ = {
			isa = PBXNativeTarget;
			buildConfigurationList = CD7643A828EDE60E0075614F /* Build configuration list for PBXNativeTarget "ios-testing-oct2022 (iOS)" */;
			buildPhases = (
				CD76437B28EDE60E0075614F /* Sources */,
				CD76437C28EDE60E0075614F /* Frameworks */,
				CD76437D28EDE60E0075614F /* Resources */,
			);
			buildRules = (
			);
			dependencies = (
			);
			name = "ios-testing-oct2022 (iOS)";
			productName = "ios-testing-oct2022 (iOS)";
			productReference = CD76437F28EDE60E0075614F /* ios-testing-oct2022.app */;
			productType = "com.apple.product-type.application";
		};
		CD76438428EDE60E0075614F /* ios-testing-oct2022 (macOS) */ = {
			isa = PBXNativeTarget;
			buildConfigurationList = CD7643AB28EDE60E0075614F /* Build configuration list for PBXNativeTarget "ios-testing-oct2022 (macOS)" */;
			buildPhases = (
				CD76438128EDE60E0075614F /* Sources */,
				CD76438228EDE60E0075614F /* Frameworks */,
				CD76438328EDE60E0075614F /* Resources */,
			);
			buildRules = (
			);
			dependencies = (
			);
			name = "ios-testing-oct2022 (macOS)";
			productName = "ios-testing-oct2022 (macOS)";
			productReference = CD76438528EDE60E0075614F /* ios-testing-oct2022.app */;
			productType = "com.apple.product-type.application";
		};
		CD76438B28EDE60E0075614F /* Tests iOS */ = {
			isa = PBXNativeTarget;
			buildConfigurationList = CD7643AE28EDE60E0075614F /* Build configuration list for PBXNativeTarget "Tests iOS" */;
			buildPhases = (
				CD76438828EDE60E0075614F /* Sources */,
				CD76438928EDE60E0075614F /* Frameworks */,
				CD76438A28EDE60E0075614F /* Resources */,
			);
			buildRules = (
			);
			dependencies = (
				CD76438E28EDE60E0075614F /* PBXTargetDependency */,
			);
			name = "Tests iOS";
			productName = "Tests iOS";
			productReference = CD76438C28EDE60E0075614F /* Tests iOS.xctest */;
			productType = "com.apple.product-type.bundle.ui-testing";
		};
		CD76439728EDE60E0075614F /* Tests macOS */ = {
			isa = PBXNativeTarget;
			buildConfigurationList = CD7643B128EDE60E0075614F /* Build configuration list for PBXNativeTarget "Tests macOS" */;
			buildPhases = (
				CD76439428EDE60E0075614F /* Sources */,
				CD76439528EDE60E0075614F /* Frameworks */,
				CD76439628EDE60E0075614F /* Resources */,
			);
			buildRules = (
			);
			dependencies = (
				CD76439A28EDE60E0075614F /* PBXTargetDependency */,
			);
			name = "Tests macOS";
			productName = "Tests macOS";
			productReference = CD76439828EDE60E0075614F /* Tests macOS.xctest */;
			productType = "com.apple.product-type.bundle.ui-testing";
		};
/* End PBXNativeTarget section */

/* Begin PBXProject section */
		CD76437328EDE60E0075614F /* Project object */ = {
			isa = PBXProject;
			attributes = {
				BuildIndependentTargetsInParallel = 1;
				KnownAssetTags = (
					New,
				);
				LastSwiftUpdateCheck = 1310;
				LastUpgradeCheck = 1400;
				TargetAttributes = {
					CD76437E28EDE60E0075614F = {
						CreatedOnToolsVersion = 13.1;
					};
					CD76438428EDE60E0075614F = {
						CreatedOnToolsVersion = 13.1;
					};
					CD76438B28EDE60E0075614F = {
						CreatedOnToolsVersion = 13.1;
						TestTargetID = CD76437E28EDE60E0075614F;
					};
					CD76439728EDE60E0075614F = {
						CreatedOnToolsVersion = 13.1;
						TestTargetID = CD76438428EDE60E0075614F;
					};
				};
			};
			buildConfigurationList = CD76437628EDE60E0075614F /* Build configuration list for PBXProject "ios-testing-oct2022" */;
			compatibilityVersion = "Xcode 13.0";
			developmentRegion = en;
			hasScannedForEncodings = 0;
			knownRegions = (
				en,
				Base,
			);
			mainGroup = CD76437228EDE60E0075614F;
			productRefGroup = CD76438028EDE60E0075614F /* Products */;
			projectDirPath = "";
			projectRoot = "";
			targets = (
				CD76437E28EDE60E0075614F /* ios-testing-oct2022 (iOS) */,
				CD76438428EDE60E0075614F /* ios-testing-oct2022 (macOS) */,
				CD76438B28EDE60E0075614F /* Tests iOS */,
				CD76439728EDE60E0075614F /* Tests macOS */,
			);
		};
/* End PBXProject section */

/* Begin PBXResourcesBuildPhase section */
		CD76437D28EDE60E0075614F /* Resources */ = {
			isa = PBXResourcesBuildPhase;
			buildActionMask = 2147483647;
			files = (
				CD7643A428EDE60E0075614F /* Assets.xcassets in Resources */,
			);
			runOnlyForDeploymentPostprocessing = 0;
		};
		CD76438328EDE60E0075614F /* Resources */ = {
			isa = PBXResourcesBuildPhase;
			buildActionMask = 2147483647;
			files = (
				CD7643A528EDE60E0075614F /* Assets.xcassets in Resources */,
			);
			runOnlyForDeploymentPostprocessing = 0;
		};
		CD76438A28EDE60E0075614F /* Resources */ = {
			isa = PBXResourcesBuildPhase;
			buildActionMask = 2147483647;
			files = (
			);
			runOnlyForDeploymentPostprocessing = 0;
		};
		CD76439628EDE60E0075614F /* Resources */ = {
			isa = PBXResourcesBuildPhase;
			buildActionMask = 2147483647;
			files = (
			);
			runOnlyForDeploymentPostprocessing = 0;
		};
/* End PBXResourcesBuildPhase section */

/* Begin PBXSourcesBuildPhase section */
		CD76437B28EDE60E0075614F /* Sources */ = {
			isa = PBXSourcesBuildPhase;
			buildActionMask = 2147483647;
			files = (
				CD7643A228EDE60E0075614F /* ContentView.swift in Sources */,
				CD7643A028EDE60E0075614F /* ios_testing_oct2022App.swift in Sources */,
			);
			runOnlyForDeploymentPostprocessing = 0;
		};
		CD76438128EDE60E0075614F /* Sources */ = {
			isa = PBXSourcesBuildPhase;
			buildActionMask = 2147483647;
			files = (
				CD7643A328EDE60E0075614F /* ContentView.swift in Sources */,
				CD7643A128EDE60E0075614F /* ios_testing_oct2022App.swift in Sources */,
			);
			runOnlyForDeploymentPostprocessing = 0;
		};
		CD76438828EDE60E0075614F /* Sources */ = {
			isa = PBXSourcesBuildPhase;
			buildActionMask = 2147483647;
			files = (
				CD76439328EDE60E0075614F /* Tests_iOSLaunchTests.swift in Sources */,
				CD76439128EDE60E0075614F /* Tests_iOS.swift in Sources */,
			);
			runOnlyForDeploymentPostprocessing = 0;
		};
		CD76439428EDE60E0075614F /* Sources */ = {
			isa = PBXSourcesBuildPhase;
			buildActionMask = 2147483647;
			files = (
				CD76439F28EDE60E0075614F /* Tests_macOSLaunchTests.swift in Sources */,
				CD76439D28EDE60E0075614F /* Tests_macOS.swift in Sources */,
			);
			runOnlyForDeploymentPostprocessing = 0;
		};
/* End PBXSourcesBuildPhase section */

/* Begin PBXTargetDependency section */
		CD76438E28EDE60E0075614F /* PBXTargetDependency */ = {
			isa = PBXTargetDependency;
			target = CD76437E28EDE60E0075614F /* ios-testing-oct2022 (iOS) */;
			targetProxy = CD76438D28EDE60E0075614F /* PBXContainerItemProxy */;
		};
		CD76439A28EDE60E0075614F /* PBXTargetDependency */ = {
			isa = PBXTargetDependency;
			target = CD76438428EDE60E0075614F /* ios-testing-oct2022 (macOS) */;
			targetProxy = CD76439928EDE60E0075614F /* PBXContainerItemProxy */;
		};
/* End PBXTargetDependency section */

/* Begin XCBuildConfiguration section */
		CD7643A628EDE60E0075614F /* Debug */ = {
			isa = XCBuildConfiguration;
			buildSettings = {
				ALWAYS_SEARCH_USER_PATHS = NO;
				CLANG_ANALYZER_NONNULL = YES;
				CLANG_ANALYZER_NUMBER_OBJECT_CONVERSION = YES_AGGRESSIVE;
				CLANG_CXX_LANGUAGE_STANDARD = "gnu++17";
				CLANG_CXX_LIBRARY = "libc++";
				CLANG_ENABLE_MODULES = YES;
				CLANG_ENABLE_OBJC_ARC = YES;
				CLANG_ENABLE_OBJC_WEAK = YES;
				CLANG_WARN_BLOCK_CAPTURE_AUTORELEASING = YES;
				CLANG_WARN_BOOL_CONVERSION = YES;
				CLANG_WARN_COMMA = YES;
				CLANG_WARN_CONSTANT_CONVERSION = YES;
				CLANG_WARN_DEPRECATED_OBJC_IMPLEMENTATIONS = YES;
				CLANG_WARN_DIRECT_OBJC_ISA_USAGE = YES_ERROR;
				CLANG_WARN_DOCUMENTATION_COMMENTS = YES;
				CLANG_WARN_EMPTY_BODY = YES;
				CLANG_WARN_ENUM_CONVERSION = YES;
				CLANG_WARN_INFINITE_RECURSION = YES;
				CLANG_WARN_INT_CONVERSION = YES;
				CLANG_WARN_NON_LITERAL_NULL_CONVERSION = YES;
				CLANG_WARN_OBJC_IMPLICIT_RETAIN_SELF = YES;
				CLANG_WARN_OBJC_LITERAL_CONVERSION = YES;
				CLANG_WARN_OBJC_ROOT_CLASS = YES_ERROR;
				CLANG_WARN_QUOTED_INCLUDE_IN_FRAMEWORK_HEADER = YES;
				CLANG_WARN_RANGE_LOOP_ANALYSIS = YES;
				CLANG_WARN_STRICT_PROTOTYPES = YES;
				CLANG_WARN_SUSPICIOUS_MOVE = YES;
				CLANG_WARN_UNGUARDED_AVAILABILITY = YES_AGGRESSIVE;
				CLANG_WARN_UNREACHABLE_CODE = YES;
				CLANG_WARN__DUPLICATE_METHOD_MATCH = YES;
				COPY_PHASE_STRIP = NO;
				DEAD_CODE_STRIPPING = YES;
				DEBUG_INFORMATION_FORMAT = dwarf;
				ENABLE_STRICT_OBJC_MSGSEND = YES;
				ENABLE_TESTABILITY = YES;
				GCC_C_LANGUAGE_STANDARD = gnu11;
				GCC_DYNAMIC_NO_PIC = NO;
				GCC_NO_COMMON_BLOCKS = YES;
				GCC_OPTIMIZATION_LEVEL = 0;
				GCC_PREPROCESSOR_DEFINITIONS = (
					"DEBUG=1",
					"$(inherited)",
				);
				GCC_WARN_64_TO_32_BIT_CONVERSION = YES;
				GCC_WARN_ABOUT_RETURN_TYPE = YES_ERROR;
				GCC_WARN_UNDECLARED_SELECTOR = YES;
				GCC_WARN_UNINITIALIZED_AUTOS = YES_AGGRESSIVE;
				GCC_WARN_UNUSED_FUNCTION = YES;
				GCC_WARN_UNUSED_VARIABLE = YES;
				MTL_ENABLE_DEBUG_INFO = INCLUDE_SOURCE;
				MTL_FAST_MATH = YES;
				ONLY_ACTIVE_ARCH = YES;
				SWIFT_ACTIVE_COMPILATION_CONDITIONS = DEBUG;
				SWIFT_OPTIMIZATION_LEVEL = "-Onone";
			};
			name = Debug;
		};
		CD7643A728EDE60E0075614F /* Release */ = {
			isa = XCBuildConfiguration;
			buildSettings = {
				ALWAYS_SEARCH_USER_PATHS = NO;
				CLANG_ANALYZER_NONNULL = YES;
				CLANG_ANALYZER_NUMBER_OBJECT_CONVERSION = YES_AGGRESSIVE;
				CLANG_CXX_LANGUAGE_STANDARD = "gnu++17";
				CLANG_CXX_LIBRARY = "libc++";
				CLANG_ENABLE_MODULES = YES;
				CLANG_ENABLE_OBJC_ARC = YES;
				CLANG_ENABLE_OBJC_WEAK = YES;
				CLANG_WARN_BLOCK_CAPTURE_AUTORELEASING = YES;
				CLANG_WARN_BOOL_CONVERSION = YES;
				CLANG_WARN_COMMA = YES;
				CLANG_WARN_CONSTANT_CONVERSION = YES;
				CLANG_WARN_DEPRECATED_OBJC_IMPLEMENTATIONS = YES;
				CLANG_WARN_DIRECT_OBJC_ISA_USAGE = YES_ERROR;
				CLANG_WARN_DOCUMENTATION_COMMENTS = YES;
				CLANG_WARN_EMPTY_BODY = YES;
				CLANG_WARN_ENUM_CONVERSION = YES;
				CLANG_WARN_INFINITE_RECURSION = YES;
				CLANG_WARN_INT_CONVERSION = YES;
				CLANG_WARN_NON_LITERAL_NULL_CONVERSION = YES;
				CLANG_WARN_OBJC_IMPLICIT_RETAIN_SELF = YES;
				CLANG_WARN_OBJC_LITERAL_CONVERSION = YES;
				CLANG_WARN_OBJC_ROOT_CLASS = YES_ERROR;
				CLANG_WARN_QUOTED_INCLUDE_IN_FRAMEWORK_HEADER = YES;
				CLANG_WARN_RANGE_LOOP_ANALYSIS = YES;
				CLANG_WARN_STRICT_PROTOTYPES = YES;
				CLANG_WARN_SUSPICIOUS_MOVE = YES;
				CLANG_WARN_UNGUARDED_AVAILABILITY = YES_AGGRESSIVE;
				CLANG_WARN_UNREACHABLE_CODE = YES;
				CLANG_WARN__DUPLICATE_METHOD_MATCH = YES;
				COPY_PHASE_STRIP = NO;
				DEAD_CODE_STRIPPING = YES;
				DEBUG_INFORMATION_FORMAT = "dwarf-with-dsym";
				ENABLE_NS_ASSERTIONS = NO;
				ENABLE_STRICT_OBJC_MSGSEND = YES;
				GCC_C_LANGUAGE_STANDARD = gnu11;
				GCC_NO_COMMON_BLOCKS = YES;
				GCC_WARN_64_TO_32_BIT_CONVERSION = YES;
				GCC_WARN_ABOUT_RETURN_TYPE = YES_ERROR;
				GCC_WARN_UNDECLARED_SELECTOR = YES;
				GCC_WARN_UNINITIALIZED_AUTOS = YES_AGGRESSIVE;
				GCC_WARN_UNUSED_FUNCTION = YES;
				GCC_WARN_UNUSED_VARIABLE = YES;
				MTL_ENABLE_DEBUG_INFO = NO;
				MTL_FAST_MATH = YES;
				SWIFT_COMPILATION_MODE = wholemodule;
				SWIFT_OPTIMIZATION_LEVEL = "-O";
			};
			name = Release;
		};
		CD7643A928EDE60E0075614F /* Debug */ = {
			isa = XCBuildConfiguration;
			buildSettings = {
				ASSETCATALOG_COMPILER_APPICON_NAME = AppIcon;
				ASSETCATALOG_COMPILER_GLOBAL_ACCENT_COLOR_NAME = AccentColor;
				CODE_SIGN_STYLE = Automatic;
				CURRENT_PROJECT_VERSION = 1;
				DEVELOPMENT_TEAM = 8VNF32BC38;
				ENABLE_PREVIEWS = YES;
				GENERATE_INFOPLIST_FILE = YES;
				INFOPLIST_FILE = "ios-testing-oct2022--iOS--Info.plist";
				INFOPLIST_KEY_UIApplicationSceneManifest_Generation = YES;
				INFOPLIST_KEY_UIApplicationSupportsIndirectInputEvents = YES;
				INFOPLIST_KEY_UILaunchScreen_Generation = YES;
				INFOPLIST_KEY_UISupportedInterfaceOrientations_iPad = "UIInterfaceOrientationPortrait UIInterfaceOrientationPortraitUpsideDown UIInterfaceOrientationLandscapeLeft UIInterfaceOrientationLandscapeRight";
				INFOPLIST_KEY_UISupportedInterfaceOrientations_iPhone = "UIInterfaceOrientationPortrait UIInterfaceOrientationLandscapeLeft UIInterfaceOrientationLandscapeRight";
				IPHONEOS_DEPLOYMENT_TARGET = 15.0;
				LD_RUNPATH_SEARCH_PATHS = (
					"$(inherited)",
					"@executable_path/Frameworks",
				);
				MARKETING_VERSION = 1.0;
				PRODUCT_BUNDLE_IDENTIFIER = "patrick.ios-testing-oct2022";
				PRODUCT_NAME = "ios-testing-oct2022";
				SDKROOT = iphoneos;
				SWIFT_EMIT_LOC_STRINGS = YES;
				SWIFT_VERSION = 5.0;
				TARGETED_DEVICE_FAMILY = "1,2";
			};
			name = Debug;
		};
		CD7643AA28EDE60E0075614F /* Release */ = {
			isa = XCBuildConfiguration;
			buildSettings = {
				ASSETCATALOG_COMPILER_APPICON_NAME = AppIcon;
				ASSETCATALOG_COMPILER_GLOBAL_ACCENT_COLOR_NAME = AccentColor;
				CODE_SIGN_STYLE = Automatic;
				CURRENT_PROJECT_VERSION = 1;
				DEVELOPMENT_TEAM = 8VNF32BC38;
				ENABLE_PREVIEWS = YES;
				GENERATE_INFOPLIST_FILE = YES;
				INFOPLIST_FILE = "ios-testing-oct2022--iOS--Info.plist";
				INFOPLIST_KEY_UIApplicationSceneManifest_Generation = YES;
				INFOPLIST_KEY_UIApplicationSupportsIndirectInputEvents = YES;
				INFOPLIST_KEY_UILaunchScreen_Generation = YES;
				INFOPLIST_KEY_UISupportedInterfaceOrientations_iPad = "UIInterfaceOrientationPortrait UIInterfaceOrientationPortraitUpsideDown UIInterfaceOrientationLandscapeLeft UIInterfaceOrientationLandscapeRight";
				INFOPLIST_KEY_UISupportedInterfaceOrientations_iPhone = "UIInterfaceOrientationPortrait UIInterfaceOrientationLandscapeLeft UIInterfaceOrientationLandscapeRight";
				IPHONEOS_DEPLOYMENT_TARGET = 15.0;
				LD_RUNPATH_SEARCH_PATHS = (
					"$(inherited)",
					"@executable_path/Frameworks",
				);
				MARKETING_VERSION = 1.0;
				PRODUCT_BUNDLE_IDENTIFIER = "patrick.ios-testing-oct2022";
				PRODUCT_NAME = "ios-testing-oct2022";
				SDKROOT = iphoneos;
				SWIFT_EMIT_LOC_STRINGS = YES;
				SWIFT_VERSION = 5.0;
				TARGETED_DEVICE_FAMILY = "1,2";
				VALIDATE_PRODUCT = YES;
			};
			name = Release;
		};
		CD7643AC28EDE60E0075614F /* Debug */ = {
			isa = XCBuildConfiguration;
			buildSettings = {
				ASSETCATALOG_COMPILER_APPICON_NAME = AppIcon;
				ASSETCATALOG_COMPILER_GLOBAL_ACCENT_COLOR_NAME = AccentColor;
				CODE_SIGN_ENTITLEMENTS = macOS/macOS.entitlements;
				CODE_SIGN_IDENTITY = "-";
				CODE_SIGN_STYLE = Automatic;
				COMBINE_HIDPI_IMAGES = YES;
				CURRENT_PROJECT_VERSION = 1;
				DEAD_CODE_STRIPPING = YES;
				DEVELOPMENT_TEAM = 8VNF32BC38;
				ENABLE_HARDENED_RUNTIME = YES;
				ENABLE_PREVIEWS = YES;
				GENERATE_INFOPLIST_FILE = YES;
				INFOPLIST_KEY_NSHumanReadableCopyright = "";
				LD_RUNPATH_SEARCH_PATHS = (
					"$(inherited)",
					"@executable_path/../Frameworks",
				);
				MACOSX_DEPLOYMENT_TARGET = 12.0;
				MARKETING_VERSION = 1.0;
				PRODUCT_BUNDLE_IDENTIFIER = "patrick.ios-testing-oct2022";
				PRODUCT_NAME = "ios-testing-oct2022";
				SDKROOT = macosx;
				SWIFT_EMIT_LOC_STRINGS = YES;
				SWIFT_VERSION = 5.0;
			};
			name = Debug;
		};
		CD7643AD28EDE60E0075614F /* Release */ = {
			isa = XCBuildConfiguration;
			buildSettings = {
				ASSETCATALOG_COMPILER_APPICON_NAME = AppIcon;
				ASSETCATALOG_COMPILER_GLOBAL_ACCENT_COLOR_NAME = AccentColor;
				CODE_SIGN_ENTITLEMENTS = macOS/macOS.entitlements;
				CODE_SIGN_IDENTITY = "-";
				CODE_SIGN_STYLE = Automatic;
				COMBINE_HIDPI_IMAGES = YES;
				CURRENT_PROJECT_VERSION = 1;
				DEAD_CODE_STRIPPING = YES;
				DEVELOPMENT_TEAM = 8VNF32BC38;
				ENABLE_HARDENED_RUNTIME = YES;
				ENABLE_PREVIEWS = YES;
				GENERATE_INFOPLIST_FILE = YES;
				INFOPLIST_KEY_NSHumanReadableCopyright = "";
				LD_RUNPATH_SEARCH_PATHS = (
					"$(inherited)",
					"@executable_path/../Frameworks",
				);
				MACOSX_DEPLOYMENT_TARGET = 12.0;
				MARKETING_VERSION = 1.0;
				PRODUCT_BUNDLE_IDENTIFIER = "patrick.ios-testing-oct2022";
				PRODUCT_NAME = "ios-testing-oct2022";
				SDKROOT = macosx;
				SWIFT_EMIT_LOC_STRINGS = YES;
				SWIFT_VERSION = 5.0;
			};
			name = Release;
		};
		CD7643AF28EDE60E0075614F /* Debug */ = {
			isa = XCBuildConfiguration;
			buildSettings = {
				ALWAYS_EMBED_SWIFT_STANDARD_LIBRARIES = YES;
				CODE_SIGN_STYLE = Automatic;
				CURRENT_PROJECT_VERSION = 1;
				DEVELOPMENT_TEAM = 8VNF32BC38;
				GENERATE_INFOPLIST_FILE = YES;
				IPHONEOS_DEPLOYMENT_TARGET = 15.0;
				LD_RUNPATH_SEARCH_PATHS = (
					"$(inherited)",
					"@executable_path/Frameworks",
					"@loader_path/Frameworks",
				);
				MARKETING_VERSION = 1.0;
				PRODUCT_BUNDLE_IDENTIFIER = "patrick.Tests-iOS";
				PRODUCT_NAME = "$(TARGET_NAME)";
				SDKROOT = iphoneos;
				SWIFT_EMIT_LOC_STRINGS = NO;
				SWIFT_VERSION = 5.0;
				TARGETED_DEVICE_FAMILY = "1,2";
				TEST_TARGET_NAME = "ios-testing-oct2022 (iOS)";
			};
			name = Debug;
		};
		CD7643B028EDE60E0075614F /* Release */ = {
			isa = XCBuildConfiguration;
			buildSettings = {
				ALWAYS_EMBED_SWIFT_STANDARD_LIBRARIES = YES;
				CODE_SIGN_STYLE = Automatic;
				CURRENT_PROJECT_VERSION = 1;
				DEVELOPMENT_TEAM = 8VNF32BC38;
				GENERATE_INFOPLIST_FILE = YES;
				IPHONEOS_DEPLOYMENT_TARGET = 15.0;
				LD_RUNPATH_SEARCH_PATHS = (
					"$(inherited)",
					"@executable_path/Frameworks",
					"@loader_path/Frameworks",
				);
				MARKETING_VERSION = 1.0;
				PRODUCT_BUNDLE_IDENTIFIER = "patrick.Tests-iOS";
				PRODUCT_NAME = "$(TARGET_NAME)";
				SDKROOT = iphoneos;
				SWIFT_EMIT_LOC_STRINGS = NO;
				SWIFT_VERSION = 5.0;
				TARGETED_DEVICE_FAMILY = "1,2";
				TEST_TARGET_NAME = "ios-testing-oct2022 (iOS)";
				VALIDATE_PRODUCT = YES;
			};
			name = Release;
		};
		CD7643B228EDE60E0075614F /* Debug */ = {
			isa = XCBuildConfiguration;
			buildSettings = {
				ALWAYS_EMBED_SWIFT_STANDARD_LIBRARIES = YES;
				CODE_SIGN_STYLE = Automatic;
				COMBINE_HIDPI_IMAGES = YES;
				CURRENT_PROJECT_VERSION = 1;
				DEAD_CODE_STRIPPING = YES;
				DEVELOPMENT_TEAM = 8VNF32BC38;
				GENERATE_INFOPLIST_FILE = YES;
				LD_RUNPATH_SEARCH_PATHS = (
					"$(inherited)",
					"@executable_path/../Frameworks",
					"@loader_path/../Frameworks",
				);
				MACOSX_DEPLOYMENT_TARGET = 12.0;
				MARKETING_VERSION = 1.0;
				PRODUCT_BUNDLE_IDENTIFIER = "patrick.Tests-macOS";
				PRODUCT_NAME = "$(TARGET_NAME)";
				SDKROOT = macosx;
				SWIFT_EMIT_LOC_STRINGS = NO;
				SWIFT_VERSION = 5.0;
				TEST_TARGET_NAME = "ios-testing-oct2022 (macOS)";
			};
			name = Debug;
		};
		CD7643B328EDE60E0075614F /* Release */ = {
			isa = XCBuildConfiguration;
			buildSettings = {
				ALWAYS_EMBED_SWIFT_STANDARD_LIBRARIES = YES;
				CODE_SIGN_STYLE = Automatic;
				COMBINE_HIDPI_IMAGES = YES;
				CURRENT_PROJECT_VERSION = 1;
				DEAD_CODE_STRIPPING = YES;
				DEVELOPMENT_TEAM = 8VNF32BC38;
				GENERATE_INFOPLIST_FILE = YES;
				LD_RUNPATH_SEARCH_PATHS = (
					"$(inherited)",
					"@executable_path/../Frameworks",
					"@loader_path/../Frameworks",
				);
				MACOSX_DEPLOYMENT_TARGET = 12.0;
				MARKETING_VERSION = 1.0;
				PRODUCT_BUNDLE_IDENTIFIER = "patrick.Tests-macOS";
				PRODUCT_NAME = "$(TARGET_NAME)";
				SDKROOT = macosx;
				SWIFT_EMIT_LOC_STRINGS = NO;
				SWIFT_VERSION = 5.0;
				TEST_TARGET_NAME = "ios-testing-oct2022 (macOS)";
			};
			name = Release;
		};
/* End XCBuildConfiguration section */

/* Begin XCConfigurationList section */
		CD76437628EDE60E0075614F /* Build configuration list for PBXProject "ios-testing-oct2022" */ = {
			isa = XCConfigurationList;
			buildConfigurations = (
				CD7643A628EDE60E0075614F /* Debug */,
				CD7643A728EDE60E0075614F /* Release */,
			);
			defaultConfigurationIsVisible = 0;
			defaultConfigurationName = Release;
		};
		CD7643A828EDE60E0075614F /* Build configuration list for PBXNativeTarget "ios-testing-oct2022 (iOS)" */ = {
			isa = XCConfigurationList;
			buildConfigurations = (
				CD7643A928EDE60E0075614F /* Debug */,
				CD7643AA28EDE60E0075614F /* Release */,
			);
			defaultConfigurationIsVisible = 0;
			defaultConfigurationName = Release;
		};
		CD7643AB28EDE60E0075614F /* Build configuration list for PBXNativeTarget "ios-testing-oct2022 (macOS)" */ = {
			isa = XCConfigurationList;
			buildConfigurations = (
				CD7643AC28EDE60E0075614F /* Debug */,
				CD7643AD28EDE60E0075614F /* Release */,
			);
			defaultConfigurationIsVisible = 0;
			defaultConfigurationName = Release;
		};
		CD7643AE28EDE60E0075614F /* Build configuration list for PBXNativeTarget "Tests iOS" */ = {
			isa = XCConfigurationList;
			buildConfigurations = (
				CD7643AF28EDE60E0075614F /* Debug */,
				CD7643B028EDE60E0075614F /* Release */,
			);
			defaultConfigurationIsVisible = 0;
			defaultConfigurationName = Release;
		};
		CD7643B128EDE60E0075614F /* Build configuration list for PBXNativeTarget "Tests macOS" */ = {
			isa = XCConfigurationList;
			buildConfigurations = (
				CD7643B228EDE60E0075614F /* Debug */,
				CD7643B328EDE60E0075614F /* Release */,
			);
			defaultConfigurationIsVisible = 0;
			defaultConfigurationName = Release;
		};
/* End XCConfigurationList section */
	};
	rootObject = CD76437328EDE60E0075614F /* Project object */;
}
